PODS:
  - Alamofire (4.5.1)
  - Bolts (1.8.4):
    - Bolts/AppLinks (= 1.8.4)
    - Bolts/Tasks (= 1.8.4)
  - Bolts/AppLinks (1.8.4):
    - Bolts/Tasks
  - Bolts/Tasks (1.8.4)
  - FacebookCore (0.2.0):
    - Bolts (~> 1.8)
    - FBSDKCoreKit (~> 4.15)
  - FacebookLogin (0.2.0):
    - Bolts (~> 1.8)
    - FacebookCore (~> 0.2)
    - FBSDKCoreKit (~> 4.15)
    - FBSDKLoginKit (~> 4.15)
  - FBSDKCoreKit (4.27.0):
    - Bolts (~> 1.7)
  - FBSDKLoginKit (4.27.0):
    - FBSDKCoreKit
  - FirebaseAnalytics (3.9.0):
    - FirebaseCore (~> 3.6)
    - FirebaseInstanceID (~> 1.0)
    - GoogleToolboxForMac/NSData+zlib (~> 2.1)
  - FirebaseCore (3.6.0):
    - GoogleToolboxForMac/NSData+zlib (~> 2.1)
  - FirebaseInstanceID (1.0.10):
    - FirebaseCore (~> 3.6)
  - FXKeychain (1.5.3)
  - Google/Core (3.1.0):
    - FirebaseAnalytics (~> 3.2)
  - Google/SignIn (3.1.0):
    - Google/Core
    - GoogleSignIn (~> 4.0)
  - GoogleSignIn (4.1.0):
    - GoogleToolboxForMac/NSDictionary+URLArguments (~> 2.1)
    - GoogleToolboxForMac/NSString+URLArguments (~> 2.1)
    - GTMOAuth2 (~> 1.0)
    - GTMSessionFetcher/Core (~> 1.1)
  - GoogleToolboxForMac/DebugUtils (2.1.1):
    - GoogleToolboxForMac/Defines (= 2.1.1)
  - GoogleToolboxForMac/Defines (2.1.1)
  - GoogleToolboxForMac/NSData+zlib (2.1.1):
    - GoogleToolboxForMac/Defines (= 2.1.1)
  - GoogleToolboxForMac/NSDictionary+URLArguments (2.1.1):
    - GoogleToolboxForMac/DebugUtils (= 2.1.1)
    - GoogleToolboxForMac/Defines (= 2.1.1)
    - GoogleToolboxForMac/NSString+URLArguments (= 2.1.1)
  - GoogleToolboxForMac/NSString+URLArguments (2.1.1)
  - GTMOAuth2 (1.1.5):
    - GTMSessionFetcher (~> 1.1)
  - GTMSessionFetcher (1.1.12):
    - GTMSessionFetcher/Full (= 1.1.12)
  - GTMSessionFetcher/Core (1.1.12)
  - GTMSessionFetcher/Full (1.1.12):
    - GTMSessionFetcher/Core (= 1.1.12)
  - Moya (9.0.0):
    - Moya/Core (= 9.0.0)
  - Moya/Core (9.0.0):
    - Alamofire (~> 4.1)
    - Result (~> 3.0)
  - netfox (1.9)
  - ObjectMapper (3.0.0)
  - PromiseKit (4.4.0):
    - PromiseKit/Foundation (= 4.4.0)
    - PromiseKit/QuartzCore (= 4.4.0)
    - PromiseKit/UIKit (= 4.4.0)
  - PromiseKit/CorePromise (4.4.0)
  - PromiseKit/Foundation (4.4.0):
    - PromiseKit/CorePromise
  - PromiseKit/QuartzCore (4.4.0):
    - PromiseKit/CorePromise
  - PromiseKit/UIKit (4.4.0):
    - PromiseKit/CorePromise
  - Realm (2.10.1):
    - Realm/Headers (= 2.10.1)
  - Realm/Headers (2.10.1)
  - RealmSwift (2.10.1):
    - Realm (= 2.10.1)
  - Result (3.2.4)

DEPENDENCIES:
  - Alamofire
  - FacebookCore
  - FacebookLogin
  - FXKeychain
  - Google/SignIn
  - Moya
  - netfox
  - ObjectMapper
  - PromiseKit
  - RealmSwift

SPEC CHECKSUMS:
  Alamofire: 2d95912bf4c34f164fdfc335872e8c312acaea4a
  Bolts: 8a7995239dbe724f9cba2248b766d48b7ebdd322
  FacebookCore: 2cb3f0fbff218e9d3119cec84bae983b232412de
  FacebookLogin: c9d606504735780a9e3002465a615512e0a691a5
  FBSDKCoreKit: ebc6c5f5b3f0e72396041050e2266781a38ac587
  FBSDKLoginKit: 887be4b7452e1c5a3cc4485ce152529965a0c41e
  FirebaseAnalytics: e5fe8486efc01bec33f6bf82e2fa9fce4b124052
  FirebaseCore: 9691ee2ade70c098d7cf92440f4303f16d83ca75
  FirebaseInstanceID: b9eedd6846fb5e1f0f7279e1deaa7a7e4cf8392e
  FXKeychain: 2fe54573946ffef634f4e2a2851e6c8f4ea15e76
  Google: 98da4b1a60ed0beb80a290387a28333406a1eb90
  GoogleSignIn: 8c599fc10d25b2af86a3f82fd9631e863f2b1400
  GoogleToolboxForMac: 8e329f1b599f2512c6b10676d45736bcc2cbbeb0
  GTMOAuth2: be83fd28d63ae3087e7d351b1f39c1a7e24ab6e7
  GTMSessionFetcher: ebaa1f79a5366922c1735f1566901f50beba23b7
  Moya: cf5e6ee93af526532f92614004b8ad2ea60fd845
  netfox: 739be3221432cfc365b0bd91633be4409e2a699f
  ObjectMapper: 92230db59bf8f341a5c3a3cf0b9fbdde3cf0d87f
  PromiseKit: ecf5fe92275d57ee77c9ede858af47a162e9b97e
  Realm: fc7a317a5c2c9ba91f5f235ede4e2ea76e9eba0c
  RealmSwift: 505ed6c15942a2e76f5cfa78a8667cfa997ee75b
  Result: d2d07204ce72856f1fd9130bbe42c35a7b0fea10

PODFILE CHECKSUM: 4592be58c9b030561f046d0b2a97610c5c5c04e2

COCOAPODS: 1.3.1
