// !$*UTF8*$!
{
	archiveVersion = 1;
	classes = {
	};
	objectVersion = 46;
	objects = {

/* Begin PBXBuildFile section */
		291C2F081F6ABD4A0047C819 /* YTDatabase.swift in Sources */ = {isa = PBXBuildFile; fileRef = 291C2F071F6ABD4A0047C819 /* YTDatabase.swift */; };
		291C2F0B1F6AC90D0047C819 /* Constants.swift in Sources */ = {isa = PBXBuildFile; fileRef = 291C2F0A1F6AC90D0047C819 /* Constants.swift */; };
		291C2F0D1F6ACAD70047C819 /* YTKeychainHelper.swift in Sources */ = {isa = PBXBuildFile; fileRef = 291C2F0C1F6ACAD70047C819 /* YTKeychainHelper.swift */; };
		296F90DF1F6AAD210088C956 /* AppDelegate.swift in Sources */ = {isa = PBXBuildFile; fileRef = 296F90DE1F6AAD210088C956 /* AppDelegate.swift */; };
		296F90E41F6AAD210088C956 /* Main.storyboard in Resources */ = {isa = PBXBuildFile; fileRef = 296F90E21F6AAD210088C956 /* Main.storyboard */; };
		296F90E61F6AAD210088C956 /* Assets.xcassets in Resources */ = {isa = PBXBuildFile; fileRef = 296F90E51F6AAD210088C956 /* Assets.xcassets */; };
		296F90E91F6AAD210088C956 /* LaunchScreen.storyboard in Resources */ = {isa = PBXBuildFile; fileRef = 296F90E71F6AAD210088C956 /* LaunchScreen.storyboard */; };
		297BF89E1F6FCE6400A1FFA2 /* YTFirstStartViewController.swift in Sources */ = {isa = PBXBuildFile; fileRef = 297BF89D1F6FCE6400A1FFA2 /* YTFirstStartViewController.swift */; };
		297BF89F1F6FCE6400A1FFA2 /* YTFirstStartViewController.swift in Sources */ = {isa = PBXBuildFile; fileRef = 297BF89D1F6FCE6400A1FFA2 /* YTFirstStartViewController.swift */; };
		297BF8A21F6FCFEF00A1FFA2 /* YTGradientedView.swift in Sources */ = {isa = PBXBuildFile; fileRef = 297BF8A11F6FCFEF00A1FFA2 /* YTGradientedView.swift */; };
		297BF8A31F6FCFEF00A1FFA2 /* YTGradientedView.swift in Sources */ = {isa = PBXBuildFile; fileRef = 297BF8A11F6FCFEF00A1FFA2 /* YTGradientedView.swift */; };
		297BF8A81F6FF51400A1FFA2 /* SignIn.storyboard in Resources */ = {isa = PBXBuildFile; fileRef = 297BF8A71F6FF51400A1FFA2 /* SignIn.storyboard */; };
		297BF8A91F6FF51400A1FFA2 /* SignIn.storyboard in Resources */ = {isa = PBXBuildFile; fileRef = 297BF8A71F6FF51400A1FFA2 /* SignIn.storyboard */; };
		2987354E1F6AD0E1003FAF6C /* YTDatabase.swift in Sources */ = {isa = PBXBuildFile; fileRef = 291C2F071F6ABD4A0047C819 /* YTDatabase.swift */; };
		298735501F6AD0E1003FAF6C /* AppDelegate.swift in Sources */ = {isa = PBXBuildFile; fileRef = 296F90DE1F6AAD210088C956 /* AppDelegate.swift */; };
		298735511F6AD0E1003FAF6C /* YTKeychainHelper.swift in Sources */ = {isa = PBXBuildFile; fileRef = 291C2F0C1F6ACAD70047C819 /* YTKeychainHelper.swift */; };
		298735521F6AD0E1003FAF6C /* Constants.swift in Sources */ = {isa = PBXBuildFile; fileRef = 291C2F0A1F6AC90D0047C819 /* Constants.swift */; };
		298735541F6AD0E1003FAF6C /* Pods_pet1.framework in Frameworks */ = {isa = PBXBuildFile; fileRef = F8DFDBD69C585C511F6A872C /* Pods_pet1.framework */; };
		298735561F6AD0E1003FAF6C /* LaunchScreen.storyboard in Resources */ = {isa = PBXBuildFile; fileRef = 296F90E71F6AAD210088C956 /* LaunchScreen.storyboard */; };
		298735571F6AD0E1003FAF6C /* Assets.xcassets in Resources */ = {isa = PBXBuildFile; fileRef = 296F90E51F6AAD210088C956 /* Assets.xcassets */; };
		298735581F6AD0E1003FAF6C /* Main.storyboard in Resources */ = {isa = PBXBuildFile; fileRef = 296F90E21F6AAD210088C956 /* Main.storyboard */; };
		29EE72861F6FC60F003B4929 /* YTRoundedButton.swift in Sources */ = {isa = PBXBuildFile; fileRef = 29EE72851F6FC60F003B4929 /* YTRoundedButton.swift */; };
		29EE72871F6FC60F003B4929 /* YTRoundedButton.swift in Sources */ = {isa = PBXBuildFile; fileRef = 29EE72851F6FC60F003B4929 /* YTRoundedButton.swift */; };
		DB91CBEEE39D9946F4DB3436 /* Pods_pet1.framework in Frameworks */ = {isa = PBXBuildFile; fileRef = F8DFDBD69C585C511F6A872C /* Pods_pet1.framework */; };
/* End PBXBuildFile section */

/* Begin PBXFileReference section */
		291C2F071F6ABD4A0047C819 /* YTDatabase.swift */ = {isa = PBXFileReference; fileEncoding = 4; lastKnownFileType = sourcecode.swift; path = YTDatabase.swift; sourceTree = "<group>"; };
		291C2F091F6AC89C0047C819 /* pet1.entitlements */ = {isa = PBXFileReference; lastKnownFileType = text.plist.entitlements; path = pet1.entitlements; sourceTree = "<group>"; };
		291C2F0A1F6AC90D0047C819 /* Constants.swift */ = {isa = PBXFileReference; fileEncoding = 4; lastKnownFileType = sourcecode.swift; path = Constants.swift; sourceTree = "<group>"; };
		291C2F0C1F6ACAD70047C819 /* YTKeychainHelper.swift */ = {isa = PBXFileReference; fileEncoding = 4; lastKnownFileType = sourcecode.swift; path = YTKeychainHelper.swift; sourceTree = "<group>"; };
		296F90DB1F6AAD210088C956 /* pet1.app */ = {isa = PBXFileReference; explicitFileType = wrapper.application; includeInIndex = 0; path = pet1.app; sourceTree = BUILT_PRODUCTS_DIR; };
		296F90DE1F6AAD210088C956 /* AppDelegate.swift */ = {isa = PBXFileReference; lastKnownFileType = sourcecode.swift; path = AppDelegate.swift; sourceTree = "<group>"; };
		296F90E31F6AAD210088C956 /* Base */ = {isa = PBXFileReference; lastKnownFileType = file.storyboard; name = Base; path = Base.lproj/Main.storyboard; sourceTree = "<group>"; };
		296F90E51F6AAD210088C956 /* Assets.xcassets */ = {isa = PBXFileReference; lastKnownFileType = folder.assetcatalog; path = Assets.xcassets; sourceTree = "<group>"; };
		296F90E81F6AAD210088C956 /* Base */ = {isa = PBXFileReference; lastKnownFileType = file.storyboard; name = Base; path = Base.lproj/LaunchScreen.storyboard; sourceTree = "<group>"; };
		296F90EA1F6AAD210088C956 /* Info.plist */ = {isa = PBXFileReference; lastKnownFileType = text.plist.xml; path = Info.plist; sourceTree = "<group>"; };
		297BF89D1F6FCE6400A1FFA2 /* YTFirstStartViewController.swift */ = {isa = PBXFileReference; fileEncoding = 4; lastKnownFileType = sourcecode.swift; path = YTFirstStartViewController.swift; sourceTree = "<group>"; };
		297BF8A11F6FCFEF00A1FFA2 /* YTGradientedView.swift */ = {isa = PBXFileReference; fileEncoding = 4; lastKnownFileType = sourcecode.swift; path = YTGradientedView.swift; sourceTree = "<group>"; };
		297BF8A71F6FF51400A1FFA2 /* SignIn.storyboard */ = {isa = PBXFileReference; fileEncoding = 4; lastKnownFileType = file.storyboard; path = SignIn.storyboard; sourceTree = "<group>"; };
		2987355E1F6AD0E1003FAF6C /* pet1_dev.app */ = {isa = PBXFileReference; explicitFileType = wrapper.application; includeInIndex = 0; path = pet1_dev.app; sourceTree = BUILT_PRODUCTS_DIR; };
		2987355F1F6AD0E1003FAF6C /* pet1_dev-Info.plist */ = {isa = PBXFileReference; lastKnownFileType = text.plist.xml; name = "pet1_dev-Info.plist"; path = "/Users/xeon/ios/pet1/pet1_dev-Info.plist"; sourceTree = "<absolute>"; };
		29EE72851F6FC60F003B4929 /* YTRoundedButton.swift */ = {isa = PBXFileReference; fileEncoding = 4; lastKnownFileType = sourcecode.swift; path = YTRoundedButton.swift; sourceTree = "<group>"; };
		5EF0EA734450A1AE1DB885C1 /* Pods-pet1.debug.xcconfig */ = {isa = PBXFileReference; includeInIndex = 1; lastKnownFileType = text.xcconfig; name = "Pods-pet1.debug.xcconfig"; path = "Pods/Target Support Files/Pods-pet1/Pods-pet1.debug.xcconfig"; sourceTree = "<group>"; };
		E590F9FA9564445AF4E3BE02 /* Pods-pet1.release.xcconfig */ = {isa = PBXFileReference; includeInIndex = 1; lastKnownFileType = text.xcconfig; name = "Pods-pet1.release.xcconfig"; path = "Pods/Target Support Files/Pods-pet1/Pods-pet1.release.xcconfig"; sourceTree = "<group>"; };
		F8DFDBD69C585C511F6A872C /* Pods_pet1.framework */ = {isa = PBXFileReference; explicitFileType = wrapper.framework; includeInIndex = 0; path = Pods_pet1.framework; sourceTree = BUILT_PRODUCTS_DIR; };
/* End PBXFileReference section */

/* Begin PBXFrameworksBuildPhase section */
		296F90D81F6AAD210088C956 /* Frameworks */ = {
			isa = PBXFrameworksBuildPhase;
			buildActionMask = 2147483647;
			files = (
				DB91CBEEE39D9946F4DB3436 /* Pods_pet1.framework in Frameworks */,
			);
			runOnlyForDeploymentPostprocessing = 0;
		};
		298735531F6AD0E1003FAF6C /* Frameworks */ = {
			isa = PBXFrameworksBuildPhase;
			buildActionMask = 2147483647;
			files = (
				298735541F6AD0E1003FAF6C /* Pods_pet1.framework in Frameworks */,
			);
			runOnlyForDeploymentPostprocessing = 0;
		};
/* End PBXFrameworksBuildPhase section */

/* Begin PBXGroup section */
		296F90D21F6AAD210088C956 = {
			isa = PBXGroup;
			children = (
				296F90DD1F6AAD210088C956 /* pet1 */,
				296F90DC1F6AAD210088C956 /* Products */,
				4779BB2D889D35BD7E0D7046 /* Pods */,
				C8F37DCD2DABB8BEB995084A /* Frameworks */,
			);
			sourceTree = "<group>";
		};
		296F90DC1F6AAD210088C956 /* Products */ = {
			isa = PBXGroup;
			children = (
				296F90DB1F6AAD210088C956 /* pet1.app */,
				2987355E1F6AD0E1003FAF6C /* pet1_dev.app */,
			);
			name = Products;
			sourceTree = "<group>";
		};
		296F90DD1F6AAD210088C956 /* pet1 */ = {
			isa = PBXGroup;
			children = (
				291C2F091F6AC89C0047C819 /* pet1.entitlements */,
				2985AE151F6AAF410012A537 /* ViewControllers */,
				2985AE161F6AAF500012A537 /* Storyboards */,
				2985AE131F6AAF240012A537 /* Networking */,
				2985AE141F6AAF340012A537 /* Database */,
				2985AE181F6AAF670012A537 /* Helpers */,
				29EE72831F6FC501003B4929 /* Reusable */,
				2985AE171F6AAF5A0012A537 /* SupportFiles */,
				296F90DE1F6AAD210088C956 /* AppDelegate.swift */,
			);
			path = pet1;
			sourceTree = "<group>";
		};
		297BF8A01F6FCFC900A1FFA2 /* Gradiented view */ = {
			isa = PBXGroup;
			children = (
				297BF8A11F6FCFEF00A1FFA2 /* YTGradientedView.swift */,
			);
			name = "Gradiented view";
			sourceTree = "<group>";
		};
		297BF8A51F6FF4C900A1FFA2 /* Sign In */ = {
			isa = PBXGroup;
			children = (
				297BF8A71F6FF51400A1FFA2 /* SignIn.storyboard */,
			);
			name = "Sign In";
			sourceTree = "<group>";
		};
		297BF8A61F6FF4D400A1FFA2 /* Sign Up */ = {
			isa = PBXGroup;
			children = (
			);
			name = "Sign Up";
			sourceTree = "<group>";
		};
		2985AE131F6AAF240012A537 /* Networking */ = {
			isa = PBXGroup;
			children = (
			);
			name = Networking;
			sourceTree = "<group>";
		};
		2985AE141F6AAF340012A537 /* Database */ = {
			isa = PBXGroup;
			children = (
				291C2F071F6ABD4A0047C819 /* YTDatabase.swift */,
			);
			name = Database;
			sourceTree = "<group>";
		};
		2985AE151F6AAF410012A537 /* ViewControllers */ = {
			isa = PBXGroup;
			children = (
				29EE72821F6FC2F2003B4929 /* Sign Up */,
				29EE72811F6FC2E1003B4929 /* Sign In */,
				297BF89D1F6FCE6400A1FFA2 /* YTFirstStartViewController.swift */,
			);
			name = ViewControllers;
			sourceTree = "<group>";
		};
		2985AE161F6AAF500012A537 /* Storyboards */ = {
			isa = PBXGroup;
			children = (
				297BF8A61F6FF4D400A1FFA2 /* Sign Up */,
				297BF8A51F6FF4C900A1FFA2 /* Sign In */,
				296F90E21F6AAD210088C956 /* Main.storyboard */,
				296F90E71F6AAD210088C956 /* LaunchScreen.storyboard */,
			);
			name = Storyboards;
			sourceTree = "<group>";
		};
		2985AE171F6AAF5A0012A537 /* SupportFiles */ = {
			isa = PBXGroup;
			children = (
				291C2F0A1F6AC90D0047C819 /* Constants.swift */,
				296F90E51F6AAD210088C956 /* Assets.xcassets */,
				296F90EA1F6AAD210088C956 /* Info.plist */,
				2987355F1F6AD0E1003FAF6C /* pet1_dev-Info.plist */,
			);
			name = SupportFiles;
			sourceTree = "<group>";
		};
		2985AE181F6AAF670012A537 /* Helpers */ = {
			isa = PBXGroup;
			children = (
				291C2F0C1F6ACAD70047C819 /* YTKeychainHelper.swift */,
			);
			name = Helpers;
			sourceTree = "<group>";
		};
		29EE72811F6FC2E1003B4929 /* Sign In */ = {
			isa = PBXGroup;
			children = (
			);
			name = "Sign In";
			sourceTree = "<group>";
		};
		29EE72821F6FC2F2003B4929 /* Sign Up */ = {
			isa = PBXGroup;
			children = (
			);
			name = "Sign Up";
			sourceTree = "<group>";
		};
		29EE72831F6FC501003B4929 /* Reusable */ = {
			isa = PBXGroup;
			children = (
				297BF8A01F6FCFC900A1FFA2 /* Gradiented view */,
				29EE72841F6FC516003B4929 /* Buttons */,
			);
			name = Reusable;
			sourceTree = "<group>";
		};
		29EE72841F6FC516003B4929 /* Buttons */ = {
			isa = PBXGroup;
			children = (
				29EE72851F6FC60F003B4929 /* YTRoundedButton.swift */,
			);
			name = Buttons;
			sourceTree = "<group>";
		};
		4779BB2D889D35BD7E0D7046 /* Pods */ = {
			isa = PBXGroup;
			children = (
				5EF0EA734450A1AE1DB885C1 /* Pods-pet1.debug.xcconfig */,
				E590F9FA9564445AF4E3BE02 /* Pods-pet1.release.xcconfig */,
			);
			name = Pods;
			sourceTree = "<group>";
		};
		C8F37DCD2DABB8BEB995084A /* Frameworks */ = {
			isa = PBXGroup;
			children = (
				F8DFDBD69C585C511F6A872C /* Pods_pet1.framework */,
			);
			name = Frameworks;
			sourceTree = "<group>";
		};
/* End PBXGroup section */

/* Begin PBXNativeTarget section */
		296F90DA1F6AAD210088C956 /* pet1 */ = {
			isa = PBXNativeTarget;
			buildConfigurationList = 296F90ED1F6AAD210088C956 /* Build configuration list for PBXNativeTarget "pet1" */;
			buildPhases = (
				1C62BB25BD8DAA4C480DA258 /* [CP] Check Pods Manifest.lock */,
				296F90D71F6AAD210088C956 /* Sources */,
				296F90D81F6AAD210088C956 /* Frameworks */,
				296F90D91F6AAD210088C956 /* Resources */,
				83DC340713667D3882C20AE6 /* [CP] Embed Pods Frameworks */,
				5535B6F5CD3AD7BAF94E02AB /* [CP] Copy Pods Resources */,
			);
			buildRules = (
			);
			dependencies = (
			);
			name = pet1;
			productName = pet1;
			productReference = 296F90DB1F6AAD210088C956 /* pet1.app */;
			productType = "com.apple.product-type.application";
		};
		2987354B1F6AD0E1003FAF6C /* pet1_dev */ = {
			isa = PBXNativeTarget;
			buildConfigurationList = 2987355B1F6AD0E1003FAF6C /* Build configuration list for PBXNativeTarget "pet1_dev" */;
			buildPhases = (
				2987354C1F6AD0E1003FAF6C /* [CP] Check Pods Manifest.lock */,
				2987354D1F6AD0E1003FAF6C /* Sources */,
				298735531F6AD0E1003FAF6C /* Frameworks */,
				298735551F6AD0E1003FAF6C /* Resources */,
				298735591F6AD0E1003FAF6C /* [CP] Embed Pods Frameworks */,
				2987355A1F6AD0E1003FAF6C /* [CP] Copy Pods Resources */,
			);
			buildRules = (
			);
			dependencies = (
			);
			name = pet1_dev;
			productName = pet1;
			productReference = 2987355E1F6AD0E1003FAF6C /* pet1_dev.app */;
			productType = "com.apple.product-type.application";
		};
/* End PBXNativeTarget section */

/* Begin PBXProject section */
		296F90D31F6AAD210088C956 /* Project object */ = {
			isa = PBXProject;
			attributes = {
				CLASSPREFIX = YT;
				LastSwiftUpdateCheck = 0830;
				LastUpgradeCheck = 0830;
				ORGANIZATIONNAME = xeon.pet1.education;
				TargetAttributes = {
					296F90DA1F6AAD210088C956 = {
						CreatedOnToolsVersion = 8.3.3;
						ProvisioningStyle = Manual;
						SystemCapabilities = {
							com.apple.Keychain = {
								enabled = 1;
							};
						};
					};
				};
			};
			buildConfigurationList = 296F90D61F6AAD210088C956 /* Build configuration list for PBXProject "pet1" */;
			compatibilityVersion = "Xcode 3.2";
			developmentRegion = English;
			hasScannedForEncodings = 0;
			knownRegions = (
				en,
				Base,
			);
			mainGroup = 296F90D21F6AAD210088C956;
			productRefGroup = 296F90DC1F6AAD210088C956 /* Products */;
			projectDirPath = "";
			projectRoot = "";
			targets = (
				296F90DA1F6AAD210088C956 /* pet1 */,
				2987354B1F6AD0E1003FAF6C /* pet1_dev */,
			);
		};
/* End PBXProject section */

/* Begin PBXResourcesBuildPhase section */
		296F90D91F6AAD210088C956 /* Resources */ = {
			isa = PBXResourcesBuildPhase;
			buildActionMask = 2147483647;
			files = (
				297BF8A81F6FF51400A1FFA2 /* SignIn.storyboard in Resources */,
				296F90E91F6AAD210088C956 /* LaunchScreen.storyboard in Resources */,
				296F90E61F6AAD210088C956 /* Assets.xcassets in Resources */,
				296F90E41F6AAD210088C956 /* Main.storyboard in Resources */,
			);
			runOnlyForDeploymentPostprocessing = 0;
		};
		298735551F6AD0E1003FAF6C /* Resources */ = {
			isa = PBXResourcesBuildPhase;
			buildActionMask = 2147483647;
			files = (
				297BF8A91F6FF51400A1FFA2 /* SignIn.storyboard in Resources */,
				298735561F6AD0E1003FAF6C /* LaunchScreen.storyboard in Resources */,
				298735571F6AD0E1003FAF6C /* Assets.xcassets in Resources */,
				298735581F6AD0E1003FAF6C /* Main.storyboard in Resources */,
			);
			runOnlyForDeploymentPostprocessing = 0;
		};
/* End PBXResourcesBuildPhase section */

/* Begin PBXShellScriptBuildPhase section */
		1C62BB25BD8DAA4C480DA258 /* [CP] Check Pods Manifest.lock */ = {
			isa = PBXShellScriptBuildPhase;
			buildActionMask = 2147483647;
			files = (
			);
			inputPaths = (
				"${PODS_PODFILE_DIR_PATH}/Podfile.lock",
				"${PODS_ROOT}/Manifest.lock",
			);
			name = "[CP] Check Pods Manifest.lock";
			outputPaths = (
				"$(DERIVED_FILE_DIR)/Pods-pet1-checkManifestLockResult.txt",
			);
			runOnlyForDeploymentPostprocessing = 0;
			shellPath = /bin/sh;
			shellScript = "diff \"${PODS_PODFILE_DIR_PATH}/Podfile.lock\" \"${PODS_ROOT}/Manifest.lock\" > /dev/null\nif [ $? != 0 ] ; then\n    # print error to STDERR\n    echo \"error: The sandbox is not in sync with the Podfile.lock. Run 'pod install' or update your CocoaPods installation.\" >&2\n    exit 1\nfi\n# This output is used by Xcode 'outputs' to avoid re-running this script phase.\necho \"SUCCESS\" > \"${SCRIPT_OUTPUT_FILE_0}\"\n";
			showEnvVarsInLog = 0;
		};
		2987354C1F6AD0E1003FAF6C /* [CP] Check Pods Manifest.lock */ = {
			isa = PBXShellScriptBuildPhase;
			buildActionMask = 2147483647;
			files = (
			);
			inputPaths = (
				"${PODS_PODFILE_DIR_PATH}/Podfile.lock",
				"${PODS_ROOT}/Manifest.lock",
			);
			name = "[CP] Check Pods Manifest.lock";
			outputPaths = (
				"$(DERIVED_FILE_DIR)/Pods-pet1-checkManifestLockResult.txt",
			);
			runOnlyForDeploymentPostprocessing = 0;
			shellPath = /bin/sh;
			shellScript = "diff \"${PODS_PODFILE_DIR_PATH}/Podfile.lock\" \"${PODS_ROOT}/Manifest.lock\" > /dev/null\nif [ $? != 0 ] ; then\n    # print error to STDERR\n    echo \"error: The sandbox is not in sync with the Podfile.lock. Run 'pod install' or update your CocoaPods installation.\" >&2\n    exit 1\nfi\n# This output is used by Xcode 'outputs' to avoid re-running this script phase.\necho \"SUCCESS\" > \"${SCRIPT_OUTPUT_FILE_0}\"\n";
			showEnvVarsInLog = 0;
		};
		298735591F6AD0E1003FAF6C /* [CP] Embed Pods Frameworks */ = {
			isa = PBXShellScriptBuildPhase;
			buildActionMask = 2147483647;
			files = (
			);
			inputPaths = (
				"${SRCROOT}/Pods/Target Support Files/Pods-pet1/Pods-pet1-frameworks.sh",
				"${BUILT_PRODUCTS_DIR}/Alamofire/Alamofire.framework",
				"${BUILT_PRODUCTS_DIR}/FXKeychain/FXKeychain.framework",
				"${BUILT_PRODUCTS_DIR}/Moya/Moya.framework",
				"${BUILT_PRODUCTS_DIR}/ObjectMapper/ObjectMapper.framework",
				"${BUILT_PRODUCTS_DIR}/PromiseKit/PromiseKit.framework",
				"${BUILT_PRODUCTS_DIR}/Realm/Realm.framework",
				"${BUILT_PRODUCTS_DIR}/RealmSwift/RealmSwift.framework",
				"${BUILT_PRODUCTS_DIR}/Result/Result.framework",
			);
			name = "[CP] Embed Pods Frameworks";
			outputPaths = (
				"${TARGET_BUILD_DIR}/${FRAMEWORKS_FOLDER_PATH}/Alamofire.framework",
				"${TARGET_BUILD_DIR}/${FRAMEWORKS_FOLDER_PATH}/FXKeychain.framework",
				"${TARGET_BUILD_DIR}/${FRAMEWORKS_FOLDER_PATH}/Moya.framework",
				"${TARGET_BUILD_DIR}/${FRAMEWORKS_FOLDER_PATH}/ObjectMapper.framework",
				"${TARGET_BUILD_DIR}/${FRAMEWORKS_FOLDER_PATH}/PromiseKit.framework",
				"${TARGET_BUILD_DIR}/${FRAMEWORKS_FOLDER_PATH}/Realm.framework",
				"${TARGET_BUILD_DIR}/${FRAMEWORKS_FOLDER_PATH}/RealmSwift.framework",
				"${TARGET_BUILD_DIR}/${FRAMEWORKS_FOLDER_PATH}/Result.framework",
			);
			runOnlyForDeploymentPostprocessing = 0;
			shellPath = /bin/sh;
			shellScript = "\"${SRCROOT}/Pods/Target Support Files/Pods-pet1/Pods-pet1-frameworks.sh\"\n";
			showEnvVarsInLog = 0;
		};
		2987355A1F6AD0E1003FAF6C /* [CP] Copy Pods Resources */ = {
			isa = PBXShellScriptBuildPhase;
			buildActionMask = 2147483647;
			files = (
			);
			inputPaths = (
			);
			name = "[CP] Copy Pods Resources";
			outputPaths = (
			);
			runOnlyForDeploymentPostprocessing = 0;
			shellPath = /bin/sh;
			shellScript = "\"${SRCROOT}/Pods/Target Support Files/Pods-pet1/Pods-pet1-resources.sh\"\n";
			showEnvVarsInLog = 0;
		};
		5535B6F5CD3AD7BAF94E02AB /* [CP] Copy Pods Resources */ = {
			isa = PBXShellScriptBuildPhase;
			buildActionMask = 2147483647;
			files = (
			);
			inputPaths = (
			);
			name = "[CP] Copy Pods Resources";
			outputPaths = (
			);
			runOnlyForDeploymentPostprocessing = 0;
			shellPath = /bin/sh;
			shellScript = "\"${SRCROOT}/Pods/Target Support Files/Pods-pet1/Pods-pet1-resources.sh\"\n";
			showEnvVarsInLog = 0;
		};
		83DC340713667D3882C20AE6 /* [CP] Embed Pods Frameworks */ = {
			isa = PBXShellScriptBuildPhase;
			buildActionMask = 2147483647;
			files = (
			);
			inputPaths = (
				"${SRCROOT}/Pods/Target Support Files/Pods-pet1/Pods-pet1-frameworks.sh",
				"${BUILT_PRODUCTS_DIR}/Alamofire/Alamofire.framework",
				"${BUILT_PRODUCTS_DIR}/FXKeychain/FXKeychain.framework",
				"${BUILT_PRODUCTS_DIR}/Moya/Moya.framework",
				"${BUILT_PRODUCTS_DIR}/ObjectMapper/ObjectMapper.framework",
				"${BUILT_PRODUCTS_DIR}/PromiseKit/PromiseKit.framework",
				"${BUILT_PRODUCTS_DIR}/Realm/Realm.framework",
				"${BUILT_PRODUCTS_DIR}/RealmSwift/RealmSwift.framework",
				"${BUILT_PRODUCTS_DIR}/Result/Result.framework",
			);
			name = "[CP] Embed Pods Frameworks";
			outputPaths = (
				"${TARGET_BUILD_DIR}/${FRAMEWORKS_FOLDER_PATH}/Alamofire.framework",
				"${TARGET_BUILD_DIR}/${FRAMEWORKS_FOLDER_PATH}/FXKeychain.framework",
				"${TARGET_BUILD_DIR}/${FRAMEWORKS_FOLDER_PATH}/Moya.framework",
				"${TARGET_BUILD_DIR}/${FRAMEWORKS_FOLDER_PATH}/ObjectMapper.framework",
				"${TARGET_BUILD_DIR}/${FRAMEWORKS_FOLDER_PATH}/PromiseKit.framework",
				"${TARGET_BUILD_DIR}/${FRAMEWORKS_FOLDER_PATH}/Realm.framework",
				"${TARGET_BUILD_DIR}/${FRAMEWORKS_FOLDER_PATH}/RealmSwift.framework",
				"${TARGET_BUILD_DIR}/${FRAMEWORKS_FOLDER_PATH}/Result.framework",
			);
			runOnlyForDeploymentPostprocessing = 0;
			shellPath = /bin/sh;
			shellScript = "\"${SRCROOT}/Pods/Target Support Files/Pods-pet1/Pods-pet1-frameworks.sh\"\n";
			showEnvVarsInLog = 0;
		};
/* End PBXShellScriptBuildPhase section */

/* Begin PBXSourcesBuildPhase section */
		296F90D71F6AAD210088C956 /* Sources */ = {
			isa = PBXSourcesBuildPhase;
			buildActionMask = 2147483647;
			files = (
				291C2F081F6ABD4A0047C819 /* YTDatabase.swift in Sources */,
				296F90DF1F6AAD210088C956 /* AppDelegate.swift in Sources */,
				291C2F0D1F6ACAD70047C819 /* YTKeychainHelper.swift in Sources */,
				291C2F0B1F6AC90D0047C819 /* Constants.swift in Sources */,
				297BF8A21F6FCFEF00A1FFA2 /* YTGradientedView.swift in Sources */,
				297BF89E1F6FCE6400A1FFA2 /* YTFirstStartViewController.swift in Sources */,
				29EE72861F6FC60F003B4929 /* YTRoundedButton.swift in Sources */,
			);
			runOnlyForDeploymentPostprocessing = 0;
		};
		2987354D1F6AD0E1003FAF6C /* Sources */ = {
			isa = PBXSourcesBuildPhase;
			buildActionMask = 2147483647;
			files = (
				2987354E1F6AD0E1003FAF6C /* YTDatabase.swift in Sources */,
				298735501F6AD0E1003FAF6C /* AppDelegate.swift in Sources */,
				298735511F6AD0E1003FAF6C /* YTKeychainHelper.swift in Sources */,
				298735521F6AD0E1003FAF6C /* Constants.swift in Sources */,
				297BF8A31F6FCFEF00A1FFA2 /* YTGradientedView.swift in Sources */,
				297BF89F1F6FCE6400A1FFA2 /* YTFirstStartViewController.swift in Sources */,
				29EE72871F6FC60F003B4929 /* YTRoundedButton.swift in Sources */,
			);
			runOnlyForDeploymentPostprocessing = 0;
		};
/* End PBXSourcesBuildPhase section */

/* Begin PBXVariantGroup section */
		296F90E21F6AAD210088C956 /* Main.storyboard */ = {
			isa = PBXVariantGroup;
			children = (
				296F90E31F6AAD210088C956 /* Base */,
			);
			name = Main.storyboard;
			sourceTree = "<group>";
		};
		296F90E71F6AAD210088C956 /* LaunchScreen.storyboard */ = {
			isa = PBXVariantGroup;
			children = (
				296F90E81F6AAD210088C956 /* Base */,
			);
			name = LaunchScreen.storyboard;
			sourceTree = "<group>";
		};
/* End PBXVariantGroup section */

/* Begin XCBuildConfiguration section */
		296F90EB1F6AAD210088C956 /* Debug */ = {
			isa = XCBuildConfiguration;
			buildSettings = {
				ALWAYS_SEARCH_USER_PATHS = NO;
				CLANG_ANALYZER_NONNULL = YES;
				CLANG_ANALYZER_NUMBER_OBJECT_CONVERSION = YES_AGGRESSIVE;
				CLANG_CXX_LANGUAGE_STANDARD = "gnu++0x";
				CLANG_CXX_LIBRARY = "libc++";
				CLANG_ENABLE_MODULES = YES;
				CLANG_ENABLE_OBJC_ARC = YES;
				CLANG_WARN_BOOL_CONVERSION = YES;
				CLANG_WARN_CONSTANT_CONVERSION = YES;
				CLANG_WARN_DIRECT_OBJC_ISA_USAGE = YES_ERROR;
				CLANG_WARN_DOCUMENTATION_COMMENTS = YES;
				CLANG_WARN_EMPTY_BODY = YES;
				CLANG_WARN_ENUM_CONVERSION = YES;
				CLANG_WARN_INFINITE_RECURSION = YES;
				CLANG_WARN_INT_CONVERSION = YES;
				CLANG_WARN_OBJC_ROOT_CLASS = YES_ERROR;
				CLANG_WARN_SUSPICIOUS_MOVE = YES;
				CLANG_WARN_UNREACHABLE_CODE = YES;
				CLANG_WARN__DUPLICATE_METHOD_MATCH = YES;
				"CODE_SIGN_IDENTITY[sdk=iphoneos*]" = "iPhone Developer";
				COPY_PHASE_STRIP = NO;
				DEBUG_INFORMATION_FORMAT = dwarf;
				ENABLE_STRICT_OBJC_MSGSEND = YES;
				ENABLE_TESTABILITY = YES;
				GCC_C_LANGUAGE_STANDARD = gnu99;
				GCC_DYNAMIC_NO_PIC = NO;
				GCC_NO_COMMON_BLOCKS = YES;
				GCC_OPTIMIZATION_LEVEL = 0;
				GCC_PREPROCESSOR_DEFINITIONS = (
					"DEBUG=1",
					"$(inherited)",
				);
				GCC_WARN_64_TO_32_BIT_CONVERSION = YES;
				GCC_WARN_ABOUT_RETURN_TYPE = YES_ERROR;
				GCC_WARN_UNDECLARED_SELECTOR = YES;
				GCC_WARN_UNINITIALIZED_AUTOS = YES_AGGRESSIVE;
				GCC_WARN_UNUSED_FUNCTION = YES;
				GCC_WARN_UNUSED_VARIABLE = YES;
				IPHONEOS_DEPLOYMENT_TARGET = 10.3;
				MTL_ENABLE_DEBUG_INFO = YES;
				ONLY_ACTIVE_ARCH = YES;
				SDKROOT = iphoneos;
				SWIFT_ACTIVE_COMPILATION_CONDITIONS = DEBUG;
				SWIFT_OPTIMIZATION_LEVEL = "-Onone";
			};
			name = Debug;
		};
		296F90EC1F6AAD210088C956 /* Release */ = {
			isa = XCBuildConfiguration;
			buildSettings = {
				ALWAYS_SEARCH_USER_PATHS = NO;
				CLANG_ANALYZER_NONNULL = YES;
				CLANG_ANALYZER_NUMBER_OBJECT_CONVERSION = YES_AGGRESSIVE;
				CLANG_CXX_LANGUAGE_STANDARD = "gnu++0x";
				CLANG_CXX_LIBRARY = "libc++";
				CLANG_ENABLE_MODULES = YES;
				CLANG_ENABLE_OBJC_ARC = YES;
				CLANG_WARN_BOOL_CONVERSION = YES;
				CLANG_WARN_CONSTANT_CONVERSION = YES;
				CLANG_WARN_DIRECT_OBJC_ISA_USAGE = YES_ERROR;
				CLANG_WARN_DOCUMENTATION_COMMENTS = YES;
				CLANG_WARN_EMPTY_BODY = YES;
				CLANG_WARN_ENUM_CONVERSION = YES;
				CLANG_WARN_INFINITE_RECURSION = YES;
				CLANG_WARN_INT_CONVERSION = YES;
				CLANG_WARN_OBJC_ROOT_CLASS = YES_ERROR;
				CLANG_WARN_SUSPICIOUS_MOVE = YES;
				CLANG_WARN_UNREACHABLE_CODE = YES;
				CLANG_WARN__DUPLICATE_METHOD_MATCH = YES;
				"CODE_SIGN_IDENTITY[sdk=iphoneos*]" = "iPhone Developer";
				COPY_PHASE_STRIP = NO;
				DEBUG_INFORMATION_FORMAT = "dwarf-with-dsym";
				ENABLE_NS_ASSERTIONS = NO;
				ENABLE_STRICT_OBJC_MSGSEND = YES;
				GCC_C_LANGUAGE_STANDARD = gnu99;
				GCC_NO_COMMON_BLOCKS = YES;
				GCC_WARN_64_TO_32_BIT_CONVERSION = YES;
				GCC_WARN_ABOUT_RETURN_TYPE = YES_ERROR;
				GCC_WARN_UNDECLARED_SELECTOR = YES;
				GCC_WARN_UNINITIALIZED_AUTOS = YES_AGGRESSIVE;
				GCC_WARN_UNUSED_FUNCTION = YES;
				GCC_WARN_UNUSED_VARIABLE = YES;
				IPHONEOS_DEPLOYMENT_TARGET = 10.3;
				MTL_ENABLE_DEBUG_INFO = NO;
				SDKROOT = iphoneos;
				SWIFT_OPTIMIZATION_LEVEL = "-Owholemodule";
				VALIDATE_PRODUCT = YES;
			};
			name = Release;
		};
		296F90EE1F6AAD210088C956 /* Debug */ = {
			isa = XCBuildConfiguration;
			baseConfigurationReference = 5EF0EA734450A1AE1DB885C1 /* Pods-pet1.debug.xcconfig */;
			buildSettings = {
				ASSETCATALOG_COMPILER_APPICON_NAME = AppIcon;
				CODE_SIGN_ENTITLEMENTS = pet1/pet1.entitlements;
				"CODE_SIGN_IDENTITY[sdk=iphoneos*]" = "iPhone Distribution: eKreative LLP (DJNZKXGF8V)";
				DEVELOPMENT_TEAM = "";
				INFOPLIST_FILE = pet1/Info.plist;
				IPHONEOS_DEPLOYMENT_TARGET = 10.0;
				LD_RUNPATH_SEARCH_PATHS = "$(inherited) @executable_path/Frameworks";
				PRODUCT_BUNDLE_IDENTIFIER = xeon.pet1.education.io.pet1;
				PRODUCT_NAME = "$(TARGET_NAME)";
				PROVISIONING_PROFILE = "";
				PROVISIONING_PROFILE_SPECIFIER = "";
				SDKROOT = iphoneos;
				SWIFT_VERSION = 3.0;
			};
			name = Debug;
		};
		296F90EF1F6AAD210088C956 /* Release */ = {
			isa = XCBuildConfiguration;
			baseConfigurationReference = E590F9FA9564445AF4E3BE02 /* Pods-pet1.release.xcconfig */;
			buildSettings = {
				ASSETCATALOG_COMPILER_APPICON_NAME = AppIcon;
				CODE_SIGN_ENTITLEMENTS = pet1/pet1.entitlements;
				"CODE_SIGN_IDENTITY[sdk=iphoneos*]" = "iPhone Distribution: eKreative LLP (DJNZKXGF8V)";
				DEVELOPMENT_TEAM = "";
				INFOPLIST_FILE = pet1/Info.plist;
				IPHONEOS_DEPLOYMENT_TARGET = 10.0;
				LD_RUNPATH_SEARCH_PATHS = "$(inherited) @executable_path/Frameworks";
				PRODUCT_BUNDLE_IDENTIFIER = xeon.pet1.education.io.pet1;
				PRODUCT_NAME = "$(TARGET_NAME)";
				PROVISIONING_PROFILE = "";
				PROVISIONING_PROFILE_SPECIFIER = "";
				SDKROOT = iphoneos;
				SWIFT_VERSION = 3.0;
			};
			name = Release;
		};
		2987355C1F6AD0E1003FAF6C /* Debug */ = {
			isa = XCBuildConfiguration;
			baseConfigurationReference = 5EF0EA734450A1AE1DB885C1 /* Pods-pet1.debug.xcconfig */;
			buildSettings = {
				ASSETCATALOG_COMPILER_APPICON_NAME = AppIcon;
				CODE_SIGN_ENTITLEMENTS = pet1/pet1.entitlements;
				"CODE_SIGN_IDENTITY[sdk=iphoneos*]" = "iPhone Distribution: eKreative LLP (DJNZKXGF8V)";
				DEVELOPMENT_TEAM = "";
				INFOPLIST_FILE = "pet1_dev-Info.plist";
				IPHONEOS_DEPLOYMENT_TARGET = 10.0;
				LD_RUNPATH_SEARCH_PATHS = "$(inherited) @executable_path/Frameworks";
				PRODUCT_BUNDLE_IDENTIFIER = xeon.pet1.education.io.pet1;
				PRODUCT_NAME = "$(TARGET_NAME)";
				PROVISIONING_PROFILE = "";
				PROVISIONING_PROFILE_SPECIFIER = "";
				SDKROOT = iphoneos;
				SWIFT_VERSION = 3.0;
			};
			name = Debug;
		};
		2987355D1F6AD0E1003FAF6C /* Release */ = {
			isa = XCBuildConfiguration;
			baseConfigurationReference = E590F9FA9564445AF4E3BE02 /* Pods-pet1.release.xcconfig */;
			buildSettings = {
				ASSETCATALOG_COMPILER_APPICON_NAME = AppIcon;
				CODE_SIGN_ENTITLEMENTS = pet1/pet1.entitlements;
				"CODE_SIGN_IDENTITY[sdk=iphoneos*]" = "iPhone Distribution: eKreative LLP (DJNZKXGF8V)";
				DEVELOPMENT_TEAM = "";
				INFOPLIST_FILE = "pet1_dev-Info.plist";
				IPHONEOS_DEPLOYMENT_TARGET = 10.0;
				LD_RUNPATH_SEARCH_PATHS = "$(inherited) @executable_path/Frameworks";
				PRODUCT_BUNDLE_IDENTIFIER = xeon.pet1.education.io.pet1;
				PRODUCT_NAME = "$(TARGET_NAME)";
				PROVISIONING_PROFILE = "";
				PROVISIONING_PROFILE_SPECIFIER = "";
				SDKROOT = iphoneos;
				SWIFT_VERSION = 3.0;
			};
			name = Release;
		};
/* End XCBuildConfiguration section */

/* Begin XCConfigurationList section */
		296F90D61F6AAD210088C956 /* Build configuration list for PBXProject "pet1" */ = {
			isa = XCConfigurationList;
			buildConfigurations = (
				296F90EB1F6AAD210088C956 /* Debug */,
				296F90EC1F6AAD210088C956 /* Release */,
			);
			defaultConfigurationIsVisible = 0;
			defaultConfigurationName = Release;
		};
		296F90ED1F6AAD210088C956 /* Build configuration list for PBXNativeTarget "pet1" */ = {
			isa = XCConfigurationList;
			buildConfigurations = (
				296F90EE1F6AAD210088C956 /* Debug */,
				296F90EF1F6AAD210088C956 /* Release */,
			);
			defaultConfigurationIsVisible = 0;
			defaultConfigurationName = Release;
		};
		2987355B1F6AD0E1003FAF6C /* Build configuration list for PBXNativeTarget "pet1_dev" */ = {
			isa = XCConfigurationList;
			buildConfigurations = (
				2987355C1F6AD0E1003FAF6C /* Debug */,
				2987355D1F6AD0E1003FAF6C /* Release */,
			);
			defaultConfigurationIsVisible = 0;
			defaultConfigurationName = Release;
		};
/* End XCConfigurationList section */
	};
	rootObject = 296F90D31F6AAD210088C956 /* Project object */;
}
